
Microsoft Visual Studio Solution File, Format Version 12.00
# Visual Studio Version 17
VisualStudioVersion = 17.9.34728.123
MinimumVisualStudioVersion = 10.0.40219.1
Project("{FAE04EC0-301F-11D3-BF4B-00C04F79EFBC}") = "SalusHalo_Practic", "SalusHalo_Practic\SalusHalo_Practic.csproj", "{14E4E088-F11D-49D4-8263-73A2335B6846}"
EndProject
Global
	GlobalSection(SolutionConfigurationPlatforms) = preSolution
		Debug|Any CPU = Debug|Any CPU
		Release|Any CPU = Release|Any CPU
	EndGlobalSection
	GlobalSection(ProjectConfigurationPlatforms) = postSolution
		{14E4E088-F11D-49D4-8263-73A2335B6846}.Debug|Any CPU.ActiveCfg = Debug|Any CPU
		{14E4E088-F11D-49D4-8263-73A2335B6846}.Debug|Any CPU.Build.0 = Debug|Any CPU
		{14E4E088-F11D-49D4-8263-73A2335B6846}.Release|Any CPU.ActiveCfg = Release|Any CPU
		{14E4E088-F11D-49D4-8263-73A2335B6846}.Release|Any CPU.Build.0 = Release|Any CPU
	EndGlobalSection
	GlobalSection(SolutionProperties) = preSolution
		HideSolutionNode = FALSE
	EndGlobalSection
	GlobalSection(ExtensibilityGlobals) = postSolution
		SolutionGuid = {8DED548C-449F-408C-871C-DF6A99F25FF5}
	EndGlobalSection
EndGlobal
